
Microsoft Visual Studio Solution File, Format Version 12.00
# Visual Studio Version 17
VisualStudioVersion = 17.7.34221.43
MinimumVisualStudioVersion = 10.0.40219.1
Project("{FAE04EC0-301F-11D3-BF4B-00C04F79EFBC}") = "MicroC#", "MicroC#\MicroC#.csproj", "{24D34746-1E07-4610-8B27-518239AFEC86}"
EndProject
Global
	GlobalSection(SolutionConfigurationPlatforms) = preSolution
		Debug|Any CPU = Debug|Any CPU
		Release|Any CPU = Release|Any CPU
	EndGlobalSection
	GlobalSection(ProjectConfigurationPlatforms) = postSolution
		{24D34746-1E07-4610-8B27-518239AFEC86}.Debug|Any CPU.ActiveCfg = Debug|Any CPU
		{24D34746-1E07-4610-8B27-518239AFEC86}.Debug|Any CPU.Build.0 = Debug|Any CPU
		{24D34746-1E07-4610-8B27-518239AFEC86}.Release|Any CPU.ActiveCfg = Release|Any CPU
		{24D34746-1E07-4610-8B27-518239AFEC86}.Release|Any CPU.Build.0 = Release|Any CPU
	EndGlobalSection
	GlobalSection(SolutionProperties) = preSolution
		HideSolutionNode = FALSE
	EndGlobalSection
	GlobalSection(ExtensibilityGlobals) = postSolution
		SolutionGuid = {EF13BE5F-A5C0-4C81-9422-781E23555E94}
	EndGlobalSection
EndGlobal
